
Microsoft Visual Studio Solution File, Format Version 12.00
# Visual Studio Version 17
VisualStudioVersion = 17.0.32112.339
MinimumVisualStudioVersion = 10.0.40219.1
Project("{FAE04EC0-301F-11D3-BF4B-00C04F79EFBC}") = "QueueProcessors", "QueueProcessors\QueueProcessors.csproj", "{99164DD6-1ACD-4A3C-9EA4-A39EAA0BA05A}"
EndProject
Global
	GlobalSection(SolutionConfigurationPlatforms) = preSolution
		Debug|Any CPU = Debug|Any CPU
		Release|Any CPU = Release|Any CPU
	EndGlobalSection
	GlobalSection(ProjectConfigurationPlatforms) = postSolution
		{99164DD6-1ACD-4A3C-9EA4-A39EAA0BA05A}.Debug|Any CPU.ActiveCfg = Debug|Any CPU
		{99164DD6-1ACD-4A3C-9EA4-A39EAA0BA05A}.Debug|Any CPU.Build.0 = Debug|Any CPU
		{99164DD6-1ACD-4A3C-9EA4-A39EAA0BA05A}.Release|Any CPU.ActiveCfg = Release|Any CPU
		{99164DD6-1ACD-4A3C-9EA4-A39EAA0BA05A}.Release|Any CPU.Build.0 = Release|Any CPU
	EndGlobalSection
	GlobalSection(SolutionProperties) = preSolution
		HideSolutionNode = FALSE
	EndGlobalSection
	GlobalSection(ExtensibilityGlobals) = postSolution
		SolutionGuid = {771CB4F7-5D32-4017-BC5A-380690175274}
	EndGlobalSection
EndGlobal
